{
  "name": "enb-fest",
  "version": "3.1.3",
  "lockfileVersion": 1,
  "requires": true,
  "dependencies": {
    "@bem/sdk.cell": {
      "version": "0.2.9",
      "resolved": "https://registry.npmjs.org/@bem/sdk.cell/-/sdk.cell-0.2.9.tgz",
      "integrity": "sha512-aghTeaFK3sVUgkrOsTQPUhVw7PErXEIzlYVveb8soPZf5R3iShVoY6DEUiNqPEYRYVF5MdlvS9YTP6vHtmmO6Q==",
      "requires": {
        "@bem/sdk.entity-name": "^0.2.11",
        "depd": "1.1.0"
      }
    },
    "@bem/sdk.decl": {
      "version": "0.3.9",
      "resolved": "https://registry.npmjs.org/@bem/sdk.decl/-/sdk.decl-0.3.9.tgz",
      "integrity": "sha512-yylgDg0LeL16jWlA9IoYfs5TcfHZCtjcKMLc6ny2atrCEoDvd5f892knmx4oIyeamCTFeLB7cuNKzYZkIV/Wrg==",
      "requires": {
        "@bem/sdk.cell": "^0.2.9",
        "@bem/sdk.entity-name": "^0.2.11",
        "es6-promisify": "5.0.0",
        "graceful-fs": "4.1.11",
        "json5": "0.5.1",
        "node-eval": "1.1.0"
      },
      "dependencies": {
        "node-eval": {
          "version": "1.1.0",
          "resolved": "https://registry.npmjs.org/node-eval/-/node-eval-1.1.0.tgz",
          "integrity": "sha1-m3sL7VabqmcwDtAY8s9okN7tJlQ=",
          "requires": {
            "path-is-absolute": "1.0.1"
          }
        }
      }
    },
    "@bem/sdk.entity-name": {
      "version": "0.2.11",
      "resolved": "https://registry.npmjs.org/@bem/sdk.entity-name/-/sdk.entity-name-0.2.11.tgz",
      "integrity": "sha512-fOz/hSqbuHdeD94b0hpX9HLNxjIh2GyFAfjeMGxUa/yGxDIIg5Vth4xk/hhT4WByzzZzBjFhenUJMvi2b202UA==",
      "requires": {
        "@bem/sdk.naming.entity.stringify": "^1.1.2",
        "@bem/sdk.naming.presets": "^0.0.9",
        "depd": "1.1.0",
        "es6-error": "4.0.2"
      }
    },
    "@bem/sdk.naming.entity": {
      "version": "0.2.11",
      "resolved": "https://registry.npmjs.org/@bem/sdk.naming.entity/-/sdk.naming.entity-0.2.11.tgz",
      "integrity": "sha512-kC0XbOmRP7AJb4U/+AP47PjfuoXlynmse8OoOFz8iqjeWRZpq8Ezij+NG5DzJBv8w9/zIJ4fX5SPu3VQKY2FKA==",
      "requires": {
        "@bem/sdk.entity-name": "^0.2.11",
        "@bem/sdk.naming.entity.parse": "^0.2.9",
        "@bem/sdk.naming.entity.stringify": "^1.1.2",
        "@bem/sdk.naming.presets": "^0.2.3"
      },
      "dependencies": {
        "@bem/sdk.naming.presets": {
          "version": "0.2.3",
          "resolved": "https://registry.npmjs.org/@bem/sdk.naming.presets/-/sdk.naming.presets-0.2.3.tgz",
          "integrity": "sha512-nJTRRoD1xqrPwthPZdty/AEVVZckfC7EUld35r9qmNt18JQE8LKT9bjexjGZDB+mT5MJN5ogWa7mDOCGaZfP+g=="
        }
      }
    },
    "@bem/sdk.naming.entity.parse": {
      "version": "0.2.9",
      "resolved": "https://registry.npmjs.org/@bem/sdk.naming.entity.parse/-/sdk.naming.entity.parse-0.2.9.tgz",
      "integrity": "sha512-+2Fckk+JltPLxpNXqE4Sa+RUsW6aimuqXZ0fdRmyS+exKc+UR5GTBWtigqLqo/xydHFw7SOFmxC4z4inmDdKng==",
      "requires": {
        "@bem/sdk.entity-name": "^0.2.11"
      }
    },
    "@bem/sdk.naming.entity.stringify": {
      "version": "1.1.2",
      "resolved": "https://registry.npmjs.org/@bem/sdk.naming.entity.stringify/-/sdk.naming.entity.stringify-1.1.2.tgz",
      "integrity": "sha512-tPK1DZDIpTG5tCn2mqhfY7rwvL4ALwTeoWxtcFHwfoFruzofJYbPhKUeHZaRO0NOHs/TROOQJmoaUYESDCWH/w=="
    },
    "@bem/sdk.naming.presets": {
      "version": "0.0.9",
      "resolved": "https://registry.npmjs.org/@bem/sdk.naming.presets/-/sdk.naming.presets-0.0.9.tgz",
      "integrity": "sha512-FIjmZZF5m0Evm6YDmyWyGjXvdkFHoyAJSRY3rKHA5VInFjw1zZLCH45GI86CIAkDUvbYzjlY+rsmyY5YBz3HQw=="
    },
    "@types/node": {
      "version": "7.0.70",
      "resolved": "https://registry.npmjs.org/@types/node/-/node-7.0.70.tgz",
      "integrity": "sha512-bAcW/1aM8/s5iFKhRpu/YJiQf/b1ZwnMRqqsWRCmAqEDQF2zY8Ez3Iu9AcZKFKc3vCJc8KJVpJ6Pn54sJ1BvXQ==",
      "dev": true
    },
    "ansi-styles": {
      "version": "3.2.1",
      "resolved": "https://registry.npmjs.org/ansi-styles/-/ansi-styles-3.2.1.tgz",
      "integrity": "sha512-VT0ZI6kZRdTh8YyJw3SMbYm/u+NqfsAxEpWO0Pf9sq8/e94WxxOpPKx9FR1FlyCtOVDNOQ+8ntlqFxiRc+r5qA==",
      "dev": true,
      "requires": {
        "color-convert": "^1.9.0"
      }
    },
    "any-eval": {
      "version": "1.0.0",
      "resolved": "https://registry.npmjs.org/any-eval/-/any-eval-1.0.0.tgz",
      "integrity": "sha512-/hyPOi/e2pRtglbfHH34Vad8dDmc8OQFtBzDB5nC/Ux93OoNOC6kjr+t1bdUZ7WTro/l8pGrzZM+hUJs75NkyQ==",
      "requires": {
        "json5": "0.5.1",
        "node-eval": "2.0.0"
      }
    },
    "atob": {
      "version": "2.0.3",
      "resolved": "https://registry.npmjs.org/atob/-/atob-2.0.3.tgz",
      "integrity": "sha1-GcenYEc3dEaPILLS0DNyrX1Mv10=",
      "dev": true
    },
    "balanced-match": {
      "version": "1.0.0",
      "resolved": "https://registry.npmjs.org/balanced-match/-/balanced-match-1.0.0.tgz",
      "integrity": "sha1-ibTRmasr7kneFk6gK4nORi1xt2c=",
      "dev": true
    },
    "brace-expansion": {
      "version": "1.1.11",
      "resolved": "https://registry.npmjs.org/brace-expansion/-/brace-expansion-1.1.11.tgz",
      "integrity": "sha512-iCuPHDFgrHX7H2vEI/5xpz07zSHB00TpugqhmYtVmMO6518mCuRMoOYFldEBl0g187ufozdaHgWKcYFb61qGiA==",
      "dev": true,
      "requires": {
        "balanced-match": "^1.0.0",
        "concat-map": "0.0.1"
      }
    },
    "btoa": {
      "version": "1.1.2",
      "resolved": "https://registry.npmjs.org/btoa/-/btoa-1.1.2.tgz",
      "integrity": "sha1-PkC4FmP4HS3WWWpMtxSo3BbPq+A=",
      "dev": true
    },
    "caller-path": {
      "version": "0.1.0",
      "resolved": "https://registry.npmjs.org/caller-path/-/caller-path-0.1.0.tgz",
      "integrity": "sha1-lAhe9jWB7NPaqSREqP6U6CV3dR8=",
      "dev": true,
      "requires": {
        "callsites": "^0.2.0"
      }
    },
    "callsites": {
      "version": "0.2.0",
      "resolved": "https://registry.npmjs.org/callsites/-/callsites-0.2.0.tgz",
      "integrity": "sha1-r6uWJikQp/M8GaV3WCXGnzTjUMo=",
      "dev": true
    },
    "chalk": {
      "version": "2.3.0",
      "resolved": "https://registry.npmjs.org/chalk/-/chalk-2.3.0.tgz",
      "integrity": "sha512-Az5zJR2CBujap2rqXGaJKaPHyJ0IrUimvYNX+ncCy8PJP4ltOGTrHUIo097ZaL2zMeKYpiCdqDvS6zdrTFok3Q==",
      "dev": true,
      "requires": {
        "ansi-styles": "^3.1.0",
        "escape-string-regexp": "^1.0.5",
        "supports-color": "^4.0.0"
      }
    },
    "clear-require": {
      "version": "1.0.1",
      "resolved": "https://registry.npmjs.org/clear-require/-/clear-require-1.0.1.tgz",
      "integrity": "sha1-X+/mPx9XhpmgSbWF0xNq0qoPrX8=",
      "dev": true,
      "requires": {
        "caller-path": "^0.1.0",
        "resolve-from": "^1.0.0"
      }
    },
    "cli-table": {
      "version": "0.3.1",
      "resolved": "https://registry.npmjs.org/cli-table/-/cli-table-0.3.1.tgz",
      "integrity": "sha1-9TsFJmqLGguTSz0IIebi3FkUriM=",
      "dev": true,
      "requires": {
        "colors": "1.0.3"
      }
    },
    "color-convert": {
      "version": "1.9.3",
      "resolved": "https://registry.npmjs.org/color-convert/-/color-convert-1.9.3.tgz",
      "integrity": "sha512-QfAUtd+vFdAtFQcC8CCyYt1fYWxSqAiK2cSD6zDB8N3cpsEBAvRxp9zOGg6G/SHHJYAT88/az/IuDGALsNVbGg==",
      "dev": true,
      "requires": {
        "color-name": "1.1.3"
      }
    },
    "color-name": {
      "version": "1.1.3",
      "resolved": "https://registry.npmjs.org/color-name/-/color-name-1.1.3.tgz",
      "integrity": "sha1-p9BVi9icQveV3UIyj3QIMcpTvCU=",
      "dev": true
    },
    "colors": {
      "version": "1.0.3",
      "resolved": "https://registry.npmjs.org/colors/-/colors-1.0.3.tgz",
      "integrity": "sha1-BDP0TYCWgP3rYO0mDxsMJi6CpAs=",
      "dev": true
    },
    "commander": {
      "version": "2.12.0",
      "resolved": "https://registry.npmjs.org/commander/-/commander-2.12.0.tgz",
      "integrity": "sha512-0FAmW4svUhnHJzjJHrg0vHi8+3Wp5mqvZTOui03Tc0515CToaw1BD7WC8ROcY08UnTJJOr4essVYvXBSPYeV2w==",
      "dev": true,
      "requires": {
        "@types/node": "^7.0.48"
      }
    },
    "concat-map": {
      "version": "0.0.1",
      "resolved": "https://registry.npmjs.org/concat-map/-/concat-map-0.0.1.tgz",
      "integrity": "sha1-2Klr13/Wjfd5OnMDajug1UBdR3s=",
      "dev": true
    },
    "connect": {
      "version": "3.6.5",
      "resolved": "https://registry.npmjs.org/connect/-/connect-3.6.5.tgz",
      "integrity": "sha1-+43ee6B2OHfQ7J352sC0tA5yx9o=",
      "dev": true,
      "requires": {
        "debug": "2.6.9",
        "finalhandler": "1.0.6",
        "parseurl": "~1.3.2",
        "utils-merge": "1.0.1"
      }
    },
    "debug": {
      "version": "2.6.9",
      "resolved": "https://registry.npmjs.org/debug/-/debug-2.6.9.tgz",
      "integrity": "sha512-bC7ElrdJaJnPbAP+1EotYvqZsb3ecl5wi6Bfi6BJTUcNowp6cvspg0jXznRTKDjm/E7AdgFBVeAPVMNcKGsHMA==",
      "dev": true,
      "requires": {
        "ms": "2.0.0"
      }
    },
    "depd": {
      "version": "1.1.0",
      "resolved": "https://registry.npmjs.org/depd/-/depd-1.1.0.tgz",
      "integrity": "sha1-4b2Cxqq2ztlluXuIsX7T5SjKGMM="
    },
    "destroy": {
      "version": "1.0.4",
      "resolved": "https://registry.npmjs.org/destroy/-/destroy-1.0.4.tgz",
      "integrity": "sha1-l4hXRCxEdJ5CBmE+N5RiBYJqvYA=",
      "dev": true
    },
    "ee-first": {
      "version": "1.1.1",
      "resolved": "https://registry.npmjs.org/ee-first/-/ee-first-1.1.1.tgz",
      "integrity": "sha1-WQxhFWsK4vTwJVcyoViyZrxWsh0=",
      "dev": true
    },
    "enb": {
      "version": "2.0.0-0",
      "resolved": "https://registry.npmjs.org/enb/-/enb-2.0.0-0.tgz",
      "integrity": "sha512-QTNYH6fwOyjeMq2wYVgxXcNbS9wGvoW7rLyWqpn8Y6PkRXg40J3ie+CMBfd1q5EoDCVA99hmEAG1QUokiVk9ZQ==",
      "dev": true,
      "requires": {
        "chalk": "2.3.0",
        "clear-require": "1.0.1",
        "cli-table": "0.3.1",
        "commander": "2.12.0",
        "connect": "3.6.5",
        "enb-async-require": "1.0.1",
        "enb-require-or-eval": "1.0.2",
        "enb-source-map": "1.11.0",
        "file-eval": "2.0.0",
        "file-suffix": "1.0.1",
        "glob": "7.1.2",
        "inherit": "2.2.6",
        "lodash.flatten": "4.4.0",
        "lodash.frompairs": "4.0.1",
        "lodash.uniq": "4.5.0",
        "percentile": "1.2.0",
        "pretty-ms": "3.1.0",
        "puml-link": "0.0.1",
        "rangem": "1.0.2",
        "resolve": "1.5.0",
        "serve-favicon": "2.4.5",
        "serve-static": "1.13.1",
        "stack-trace": "0.0.10",
        "vow": "0.4.17",
        "vow-fs": "0.3.6",
        "vow-node": "0.3.0",
        "worker-farm": "1.5.2"
      }
    },
    "enb-async-require": {
      "version": "1.0.1",
      "resolved": "https://registry.npmjs.org/enb-async-require/-/enb-async-require-1.0.1.tgz",
      "integrity": "sha1-Xo0TJ0+l1IXo0l8Z8D3xs4+f078=",
      "dev": true,
      "requires": {
        "vow": "^0.4.10"
      }
    },
    "enb-require-or-eval": {
      "version": "1.0.2",
      "resolved": "https://registry.npmjs.org/enb-require-or-eval/-/enb-require-or-eval-1.0.2.tgz",
      "integrity": "sha1-zKf5hv5QPdQyu6Royhv94GrkvKA=",
      "dev": true,
      "requires": {
        "clear-require": "^1.0.1",
        "enb-async-require": "^1.0.0",
        "vow-fs": "^0.3.4"
      }
    },
    "enb-source-map": {
      "version": "1.11.0",
      "resolved": "https://registry.npmjs.org/enb-source-map/-/enb-source-map-1.11.0.tgz",
      "integrity": "sha1-fg20MsgDolrI3wJYPp/Rk4+yAe4=",
      "dev": true,
      "requires": {
        "atob": "2.0.3",
        "btoa": "1.1.2",
        "source-map": "0.5.6"
      }
    },
    "encodeurl": {
      "version": "1.0.2",
      "resolved": "https://registry.npmjs.org/encodeurl/-/encodeurl-1.0.2.tgz",
      "integrity": "sha1-rT/0yG7C0CkyL1oCw6mmBslbP1k=",
      "dev": true
    },
    "errno": {
      "version": "0.1.7",
      "resolved": "https://registry.npmjs.org/errno/-/errno-0.1.7.tgz",
      "integrity": "sha512-MfrRBDWzIWifgq6tJj60gkAwtLNb6sQPlcFrSOflcP1aFmmruKQ2wRnze/8V6kgyz7H3FF8Npzv78mZ7XLLflg==",
      "dev": true,
      "requires": {
        "prr": "~1.0.1"
      }
    },
    "es6-error": {
      "version": "4.0.2",
      "resolved": "https://registry.npmjs.org/es6-error/-/es6-error-4.0.2.tgz",
      "integrity": "sha1-7sXHJurO9Rt/a3PCDbbhsTsGnJg="
    },
    "es6-promise": {
      "version": "4.2.5",
      "resolved": "https://registry.npmjs.org/es6-promise/-/es6-promise-4.2.5.tgz",
      "integrity": "sha512-n6wvpdE43VFtJq+lUDYDBFUwV8TZbuGXLV4D6wKafg13ldznKsyEvatubnmUe31zcvelSzOHF+XbaT+Bl9ObDg=="
    },
    "es6-promisify": {
      "version": "5.0.0",
      "resolved": "https://registry.npmjs.org/es6-promisify/-/es6-promisify-5.0.0.tgz",
      "integrity": "sha1-UQnWLz5W6pZ8S2NQWu8IKRyKUgM=",
      "requires": {
        "es6-promise": "^4.0.3"
      }
    },
    "escape-html": {
      "version": "1.0.3",
      "resolved": "https://registry.npmjs.org/escape-html/-/escape-html-1.0.3.tgz",
      "integrity": "sha1-Aljq5NPQwJdN4cFpGI7wBR0dGYg=",
      "dev": true
    },
    "escape-string-regexp": {
      "version": "1.0.5",
      "resolved": "https://registry.npmjs.org/escape-string-regexp/-/escape-string-regexp-1.0.5.tgz",
      "integrity": "sha1-G2HAViGQqN/2rjuyzwIAyhMLhtQ=",
      "dev": true
    },
    "etag": {
      "version": "1.8.1",
      "resolved": "https://registry.npmjs.org/etag/-/etag-1.8.1.tgz",
      "integrity": "sha1-Qa4u62XvpiJorr/qg6x9eSmbCIc=",
      "dev": true
    },
    "fest": {
      "version": "0.12.1",
      "resolved": "https://registry.npmjs.org/fest/-/fest-0.12.1.tgz",
      "integrity": "sha1-EQt5/E/VzUCj83UU8UY+7F0t8oc="
    },
    "file-eval": {
      "version": "2.0.0",
      "resolved": "https://registry.npmjs.org/file-eval/-/file-eval-2.0.0.tgz",
      "integrity": "sha512-87oEj/m8PjkmXJ7Mc8bRHmyZF9fOT8hT5ix8jRWsPVBki1GPL1kdrgzu7fYXP3ShiVGFrA+B1N7Bk7FG0hZg/g==",
      "requires": {
        "any-eval": "1.0.0",
        "es6-promisify": "5.0.0"
      }
    },
    "file-suffix": {
      "version": "1.0.1",
      "resolved": "https://registry.npmjs.org/file-suffix/-/file-suffix-1.0.1.tgz",
      "integrity": "sha1-X4YLr7Vjh/VxQ6gM93BwY7k9nK4=",
      "dev": true
    },
    "finalhandler": {
      "version": "1.0.6",
      "resolved": "https://registry.npmjs.org/finalhandler/-/finalhandler-1.0.6.tgz",
      "integrity": "sha1-AHrqM9Gk0+QgF/YkhIrVjSEvgU8=",
      "dev": true,
      "requires": {
        "debug": "2.6.9",
        "encodeurl": "~1.0.1",
        "escape-html": "~1.0.3",
        "on-finished": "~2.3.0",
        "parseurl": "~1.3.2",
        "statuses": "~1.3.1",
        "unpipe": "~1.0.0"
      }
    },
    "fresh": {
      "version": "0.5.2",
      "resolved": "https://registry.npmjs.org/fresh/-/fresh-0.5.2.tgz",
      "integrity": "sha1-PYyt2Q2XZWn6g1qx+OSyOhBWBac=",
      "dev": true
    },
    "fs.realpath": {
      "version": "1.0.0",
      "resolved": "https://registry.npmjs.org/fs.realpath/-/fs.realpath-1.0.0.tgz",
      "integrity": "sha1-FQStJSMVjKpA20onh8sBQRmU6k8=",
      "dev": true
    },
    "glob": {
      "version": "7.1.2",
      "resolved": "https://registry.npmjs.org/glob/-/glob-7.1.2.tgz",
      "integrity": "sha512-MJTUg1kjuLeQCJ+ccE4Vpa6kKVXkPYJ2mOCQyUuKLcLQsdrMCpBPUi8qVE6+YuaJkozeA9NusTAw3hLr8Xe5EQ==",
      "dev": true,
      "requires": {
        "fs.realpath": "^1.0.0",
        "inflight": "^1.0.4",
        "inherits": "2",
        "minimatch": "^3.0.4",
        "once": "^1.3.0",
        "path-is-absolute": "^1.0.0"
      }
    },
    "graceful-fs": {
      "version": "4.1.11",
      "resolved": "https://registry.npmjs.org/graceful-fs/-/graceful-fs-4.1.11.tgz",
      "integrity": "sha1-Dovf5NHduIVNZOBOp8AOKgJuVlg="
    },
    "has-flag": {
      "version": "2.0.0",
      "resolved": "https://registry.npmjs.org/has-flag/-/has-flag-2.0.0.tgz",
      "integrity": "sha1-6CB68cx7MNRGzHC3NLXovhj4jVE=",
      "dev": true
    },
    "http-errors": {
      "version": "1.6.3",
      "resolved": "http://registry.npmjs.org/http-errors/-/http-errors-1.6.3.tgz",
      "integrity": "sha1-i1VoC7S+KDoLW/TqLjhYC+HZMg0=",
      "dev": true,
      "requires": {
        "depd": "~1.1.2",
        "inherits": "2.0.3",
        "setprototypeof": "1.1.0",
        "statuses": ">= 1.4.0 < 2"
      },
      "dependencies": {
        "depd": {
          "version": "1.1.2",
          "resolved": "https://registry.npmjs.org/depd/-/depd-1.1.2.tgz",
          "integrity": "sha1-m81S4UwJd2PnSbJ0xDRu0uVgtak=",
          "dev": true
        },
        "statuses": {
          "version": "1.5.0",
          "resolved": "https://registry.npmjs.org/statuses/-/statuses-1.5.0.tgz",
          "integrity": "sha1-Fhx9rBd2Wf2YEfQ3cfqZOBR4Yow=",
          "dev": true
        }
      }
    },
    "inflight": {
      "version": "1.0.6",
      "resolved": "https://registry.npmjs.org/inflight/-/inflight-1.0.6.tgz",
      "integrity": "sha1-Sb1jMdfQLQwJvJEKEHW6gWW1bfk=",
      "dev": true,
      "requires": {
        "once": "^1.3.0",
        "wrappy": "1"
      }
    },
    "inherit": {
      "version": "2.2.6",
      "resolved": "https://registry.npmjs.org/inherit/-/inherit-2.2.6.tgz",
      "integrity": "sha1-8WFLBshUToEo5CKchjR9tzrZeI0=",
      "dev": true
    },
    "inherits": {
      "version": "2.0.3",
      "resolved": "https://registry.npmjs.org/inherits/-/inherits-2.0.3.tgz",
      "integrity": "sha1-Yzwsg+PaQqUC9SRmAiSA9CCCYd4=",
      "dev": true
    },
    "irregular-plurals": {
      "version": "1.4.0",
      "resolved": "https://registry.npmjs.org/irregular-plurals/-/irregular-plurals-1.4.0.tgz",
      "integrity": "sha1-LKmwM2UREYVUEvFr5dd8YqRYp2Y=",
      "dev": true
    },
    "json5": {
      "version": "0.5.1",
      "resolved": "https://registry.npmjs.org/json5/-/json5-0.5.1.tgz",
      "integrity": "sha1-Hq3nrMASA0rYTiOWdn6tn6VJWCE="
    },
    "lodash.flatten": {
      "version": "4.4.0",
      "resolved": "https://registry.npmjs.org/lodash.flatten/-/lodash.flatten-4.4.0.tgz",
      "integrity": "sha1-8xwiIlqWMtK7+OSt2+8kCqdlph8=",
      "dev": true
    },
    "lodash.frompairs": {
      "version": "4.0.1",
      "resolved": "https://registry.npmjs.org/lodash.frompairs/-/lodash.frompairs-4.0.1.tgz",
      "integrity": "sha1-vE5SB/onV8E25XNhTpZkUGsrG9I=",
      "dev": true
    },
    "lodash.merge": {
      "version": "4.6.1",
      "resolved": "https://registry.npmjs.org/lodash.merge/-/lodash.merge-4.6.1.tgz",
      "integrity": "sha512-AOYza4+Hf5z1/0Hztxpm2/xiPZgi/cjMqdnKTUWTBSKchJlxXXuUSxCCl8rJlf4g6yww/j6mA8nC8Hw/EZWxKQ=="
    },
    "lodash.uniq": {
      "version": "4.5.0",
      "resolved": "https://registry.npmjs.org/lodash.uniq/-/lodash.uniq-4.5.0.tgz",
      "integrity": "sha1-0CJTc662Uq3BvILklFM5qEJ1R3M=",
      "dev": true
    },
    "mime": {
      "version": "1.4.1",
      "resolved": "https://registry.npmjs.org/mime/-/mime-1.4.1.tgz",
      "integrity": "sha512-KI1+qOZu5DcW6wayYHSzR/tXKCDC5Om4s1z2QJjDULzLcmf3DvzS7oluY4HCTrc+9FiKmWUgeNLg7W3uIQvxtQ==",
      "dev": true
    },
    "minimatch": {
      "version": "3.0.4",
      "resolved": "https://registry.npmjs.org/minimatch/-/minimatch-3.0.4.tgz",
      "integrity": "sha512-yJHVQEhyqPLUTgt9B83PXu6W3rx4MvvHvSUvToogpwoGDOUQ+yDrR0HRot+yOCdCO7u4hX3pWft6kWBBcqh0UA==",
      "dev": true,
      "requires": {
        "brace-expansion": "^1.1.7"
      }
    },
    "ms": {
      "version": "2.0.0",
      "resolved": "https://registry.npmjs.org/ms/-/ms-2.0.0.tgz",
      "integrity": "sha1-VgiurfwAvmwpAd9fmGF4jeDVl8g=",
      "dev": true
    },
    "node-eval": {
      "version": "2.0.0",
      "resolved": "https://registry.npmjs.org/node-eval/-/node-eval-2.0.0.tgz",
      "integrity": "sha512-Ap+L9HznXAVeJj3TJ1op6M6bg5xtTq8L5CU/PJxtkhea/DrIxdTknGKIECKd/v/Lgql95iuMAYvIzBNd0pmcMg==",
      "requires": {
        "path-is-absolute": "1.0.1"
      }
    },
    "on-finished": {
      "version": "2.3.0",
      "resolved": "https://registry.npmjs.org/on-finished/-/on-finished-2.3.0.tgz",
      "integrity": "sha1-IPEzZIGwg811M3mSoWlxqi2QaUc=",
      "dev": true,
      "requires": {
        "ee-first": "1.1.1"
      }
    },
    "once": {
      "version": "1.4.0",
      "resolved": "https://registry.npmjs.org/once/-/once-1.4.0.tgz",
      "integrity": "sha1-WDsap3WWHUsROsF9nFC6753Xa9E=",
      "dev": true,
      "requires": {
        "wrappy": "1"
      }
    },
    "parse-ms": {
      "version": "1.0.1",
      "resolved": "https://registry.npmjs.org/parse-ms/-/parse-ms-1.0.1.tgz",
      "integrity": "sha1-VjRtR0nXjyNDDKDHE4UK75GqNh0=",
      "dev": true
    },
    "parseurl": {
      "version": "1.3.2",
      "resolved": "https://registry.npmjs.org/parseurl/-/parseurl-1.3.2.tgz",
      "integrity": "sha1-/CidTtiZMRlGDBViUyYs3I3mW/M=",
      "dev": true
    },
    "path-is-absolute": {
      "version": "1.0.1",
      "resolved": "https://registry.npmjs.org/path-is-absolute/-/path-is-absolute-1.0.1.tgz",
      "integrity": "sha1-F0uSaHNVNP+8es5r9TpanhtcX18="
    },
    "path-parse": {
      "version": "1.0.6",
      "resolved": "https://registry.npmjs.org/path-parse/-/path-parse-1.0.6.tgz",
      "integrity": "sha512-GSmOT2EbHrINBf9SR7CDELwlJ8AENk3Qn7OikK4nFYAu3Ote2+JYNVvkpAEQm3/TLNEJFD/xZJjzyxg3KBWOzw==",
      "dev": true
    },
    "percentile": {
      "version": "1.2.0",
      "resolved": "https://registry.npmjs.org/percentile/-/percentile-1.2.0.tgz",
      "integrity": "sha1-+jsFwf/TVbNSKFKYNOX6N/C9Rl0=",
      "dev": true
    },
    "plur": {
      "version": "2.1.2",
      "resolved": "https://registry.npmjs.org/plur/-/plur-2.1.2.tgz",
      "integrity": "sha1-dIJFLBoPUI4+NE6uwxLJHCncZVo=",
      "dev": true,
      "requires": {
        "irregular-plurals": "^1.0.0"
      }
    },
    "pretty-ms": {
      "version": "3.1.0",
      "resolved": "https://registry.npmjs.org/pretty-ms/-/pretty-ms-3.1.0.tgz",
      "integrity": "sha1-6crJx2v27lL+lC3ZxsQhMVOxKIE=",
      "dev": true,
      "requires": {
        "parse-ms": "^1.0.0",
        "plur": "^2.1.2"
      }
    },
    "prr": {
      "version": "1.0.1",
      "resolved": "https://registry.npmjs.org/prr/-/prr-1.0.1.tgz",
      "integrity": "sha1-0/wRS6BplaRexok/SEzrHXj19HY=",
      "dev": true
    },
    "puml-link": {
      "version": "0.0.1",
      "resolved": "https://registry.npmjs.org/puml-link/-/puml-link-0.0.1.tgz",
      "integrity": "sha1-SSzUBo/Qw4zV6tPRSIUtTlay9Mc=",
      "dev": true
    },
    "range-parser": {
      "version": "1.2.0",
      "resolved": "https://registry.npmjs.org/range-parser/-/range-parser-1.2.0.tgz",
      "integrity": "sha1-9JvmtIeJTdxA3MlKMi9hEJLgDV4=",
      "dev": true
    },
    "rangem": {
      "version": "1.0.2",
      "resolved": "https://registry.npmjs.org/rangem/-/rangem-1.0.2.tgz",
      "integrity": "sha1-qfXYu/59qAvSW+jDoa64cdld5w8=",
      "dev": true
    },
    "resolve": {
      "version": "1.5.0",
      "resolved": "https://registry.npmjs.org/resolve/-/resolve-1.5.0.tgz",
      "integrity": "sha512-hgoSGrc3pjzAPHNBg+KnFcK2HwlHTs/YrAGUr6qgTVUZmXv1UEXXl0bZNBKMA9fud6lRYFdPGz0xXxycPzmmiw==",
      "dev": true,
      "requires": {
        "path-parse": "^1.0.5"
      }
    },
    "resolve-from": {
      "version": "1.0.1",
      "resolved": "https://registry.npmjs.org/resolve-from/-/resolve-from-1.0.1.tgz",
      "integrity": "sha1-Jsv+k10a7uq7Kbw/5a6wHpPUQiY=",
      "dev": true
    },
    "safe-buffer": {
      "version": "5.1.1",
      "resolved": "https://registry.npmjs.org/safe-buffer/-/safe-buffer-5.1.1.tgz",
      "integrity": "sha512-kKvNJn6Mm93gAczWVJg7wH+wGYWNrDHdWvpUmHyEsgCtIwwo3bqPtV4tR5tuPaUhTOo/kvhVwd8XwwOllGYkbg==",
      "dev": true
    },
    "send": {
      "version": "0.16.1",
      "resolved": "https://registry.npmjs.org/send/-/send-0.16.1.tgz",
      "integrity": "sha512-ElCLJdJIKPk6ux/Hocwhk7NFHpI3pVm/IZOYWqUmoxcgeyM+MpxHHKhb8QmlJDX1pU6WrgaHBkVNm73Sv7uc2A==",
      "dev": true,
      "requires": {
        "debug": "2.6.9",
        "depd": "~1.1.1",
        "destroy": "~1.0.4",
        "encodeurl": "~1.0.1",
        "escape-html": "~1.0.3",
        "etag": "~1.8.1",
        "fresh": "0.5.2",
        "http-errors": "~1.6.2",
        "mime": "1.4.1",
        "ms": "2.0.0",
        "on-finished": "~2.3.0",
        "range-parser": "~1.2.0",
        "statuses": "~1.3.1"
      },
      "dependencies": {
        "depd": {
          "version": "1.1.2",
          "resolved": "https://registry.npmjs.org/depd/-/depd-1.1.2.tgz",
          "integrity": "sha1-m81S4UwJd2PnSbJ0xDRu0uVgtak=",
          "dev": true
        }
      }
    },
    "serve-favicon": {
      "version": "2.4.5",
      "resolved": "https://registry.npmjs.org/serve-favicon/-/serve-favicon-2.4.5.tgz",
      "integrity": "sha512-s7F8h2NrslMkG50KxvlGdj+ApSwaLex0vexuJ9iFf3GLTIp1ph/l1qZvRe9T9TJEYZgmq72ZwJ2VYiAEtChknw==",
      "dev": true,
      "requires": {
        "etag": "~1.8.1",
        "fresh": "0.5.2",
        "ms": "2.0.0",
        "parseurl": "~1.3.2",
        "safe-buffer": "5.1.1"
      }
    },
    "serve-static": {
      "version": "1.13.1",
      "resolved": "https://registry.npmjs.org/serve-static/-/serve-static-1.13.1.tgz",
      "integrity": "sha512-hSMUZrsPa/I09VYFJwa627JJkNs0NrfL1Uzuup+GqHfToR2KcsXFymXSV90hoyw3M+msjFuQly+YzIH/q0MGlQ==",
      "dev": true,
      "requires": {
        "encodeurl": "~1.0.1",
        "escape-html": "~1.0.3",
        "parseurl": "~1.3.2",
        "send": "0.16.1"
      }
    },
    "setprototypeof": {
      "version": "1.1.0",
      "resolved": "https://registry.npmjs.org/setprototypeof/-/setprototypeof-1.1.0.tgz",
      "integrity": "sha512-BvE/TwpZX4FXExxOxZyRGQQv651MSwmWKZGqvmPcRIjDqWub67kTKuIMx43cZZrS/cBBzwBcNDWoFxt2XEFIpQ==",
      "dev": true
    },
    "source-map": {
      "version": "0.5.6",
      "resolved": "https://registry.npmjs.org/source-map/-/source-map-0.5.6.tgz",
      "integrity": "sha1-dc449SvwczxafwwRjYEzSiu19BI=",
      "dev": true
    },
    "stack-trace": {
      "version": "0.0.10",
      "resolved": "https://registry.npmjs.org/stack-trace/-/stack-trace-0.0.10.tgz",
      "integrity": "sha1-VHxws0fo0ytOEI6hoqFZ5f3eGcA=",
      "dev": true
    },
    "statuses": {
      "version": "1.3.1",
      "resolved": "https://registry.npmjs.org/statuses/-/statuses-1.3.1.tgz",
      "integrity": "sha1-+vUbnrdKrvOzrPStX2Gr8ky3uT4=",
      "dev": true
    },
    "supports-color": {
      "version": "4.5.0",
      "resolved": "https://registry.npmjs.org/supports-color/-/supports-color-4.5.0.tgz",
      "integrity": "sha1-vnoN5ITexcXN34s9WRJQRJEvY1s=",
      "dev": true,
      "requires": {
        "has-flag": "^2.0.0"
      }
    },
    "unpipe": {
      "version": "1.0.0",
      "resolved": "https://registry.npmjs.org/unpipe/-/unpipe-1.0.0.tgz",
      "integrity": "sha1-sr9O6FFKrmFltIF4KdIbLvSZBOw=",
      "dev": true
    },
    "utils-merge": {
      "version": "1.0.1",
      "resolved": "https://registry.npmjs.org/utils-merge/-/utils-merge-1.0.1.tgz",
      "integrity": "sha1-n5VxD1CiZ5R7LMwSR0HBAoQn5xM=",
      "dev": true
    },
    "uuid": {
      "version": "2.0.3",
      "resolved": "https://registry.npmjs.org/uuid/-/uuid-2.0.3.tgz",
      "integrity": "sha1-Z+LoY3lyFVMN/zGOW/nc6/1Hsho=",
      "dev": true
    },
    "vow": {
      "version": "0.4.17",
      "resolved": "https://registry.npmjs.org/vow/-/vow-0.4.17.tgz",
      "integrity": "sha512-A3/9bWFqf6gT0jLR4/+bT+IPTe1mQf+tdsW6+WI5geP9smAp8Kbbu4R6QQCDKZN/8TSCqTlXVQm12QliB4rHfg==",
      "dev": true
    },
    "vow-fs": {
      "version": "0.3.6",
      "resolved": "https://registry.npmjs.org/vow-fs/-/vow-fs-0.3.6.tgz",
      "integrity": "sha1-LUxZviLivyYY3fWXq0uqkjvnIA0=",
      "dev": true,
      "requires": {
        "glob": "^7.0.5",
        "uuid": "^2.0.2",
        "vow": "^0.4.7",
        "vow-queue": "^0.4.1"
      }
    },
    "vow-node": {
      "version": "0.3.0",
      "resolved": "https://registry.npmjs.org/vow-node/-/vow-node-0.3.0.tgz",
      "integrity": "sha1-ur+HzYIJk191wFDGprapNC4pPV8=",
      "dev": true
    },
    "vow-queue": {
      "version": "0.4.3",
      "resolved": "https://registry.npmjs.org/vow-queue/-/vow-queue-0.4.3.tgz",
      "integrity": "sha512-/poAKDTFL3zYbeQg7cl4BGcfP4sGgXKrHnRFSKj97dteUFu8oyXMwIcdwu8NSx/RmPGIuYx1Bik/y5vU4H/VKw==",
      "dev": true,
      "requires": {
        "vow": "^0.4.17"
      }
    },
    "worker-farm": {
      "version": "1.5.2",
      "resolved": "https://registry.npmjs.org/worker-farm/-/worker-farm-1.5.2.tgz",
      "integrity": "sha512-XxiQ9kZN5n6mmnW+mFJ+wXjNNI/Nx4DIdaAKLX1Bn6LYBWlN/zaBhu34DQYPZ1AJobQuu67S2OfDdNSVULvXkQ==",
      "dev": true,
      "requires": {
        "errno": "^0.1.4",
        "xtend": "^4.0.1"
      }
    },
    "wrappy": {
      "version": "1.0.2",
      "resolved": "https://registry.npmjs.org/wrappy/-/wrappy-1.0.2.tgz",
      "integrity": "sha1-tSQ9jz7BqjXxNkYFvA0QNuMKtp8=",
      "dev": true
    },
    "xtend": {
      "version": "4.0.1",
      "resolved": "https://registry.npmjs.org/xtend/-/xtend-4.0.1.tgz",
      "integrity": "sha1-pcbVMr5lbiPbgg77lDofBJmNY68=",
      "dev": true
    }
  }
}
